
Microsoft Visual Studio Solution File, Format Version 12.00
# Visual Studio Version 17
VisualStudioVersion = 17.5.002.0
MinimumVisualStudioVersion = 10.0.40219.1
Project("{2150E333-8FDC-42A3-9474-1A3956D46DE8}") = "src", "src", "{869FCDC5-F6EF-4844-86D7-257DBD6B3911}"
EndProject
Project("{9A19103F-16F7-4668-BE54-9A1E7A4F7556}") = "Visualizer", "src\Visualizer\Visualizer.csproj", "{5F0FB19D-8C26-4852-90C6-2B065E9AD553}"
EndProject
Global
	GlobalSection(SolutionConfigurationPlatforms) = preSolution
		Debug|Any CPU = Debug|Any CPU
		Release|Any CPU = Release|Any CPU
	EndGlobalSection
	GlobalSection(ProjectConfigurationPlatforms) = postSolution
		{5F0FB19D-8C26-4852-90C6-2B065E9AD553}.Debug|Any CPU.ActiveCfg = Debug|Any CPU
		{5F0FB19D-8C26-4852-90C6-2B065E9AD553}.Debug|Any CPU.Build.0 = Debug|Any CPU
		{5F0FB19D-8C26-4852-90C6-2B065E9AD553}.Release|Any CPU.ActiveCfg = Release|Any CPU
		{5F0FB19D-8C26-4852-90C6-2B065E9AD553}.Release|Any CPU.Build.0 = Release|Any CPU
	EndGlobalSection
	GlobalSection(SolutionProperties) = preSolution
		HideSolutionNode = FALSE
	EndGlobalSection
	GlobalSection(NestedProjects) = preSolution
		{5F0FB19D-8C26-4852-90C6-2B065E9AD553} = {869FCDC5-F6EF-4844-86D7-257DBD6B3911}
	EndGlobalSection
	GlobalSection(ExtensibilityGlobals) = postSolution
		SolutionGuid = {58846E8A-41F4-4F65-A86A-D9CE258E1B55}
	EndGlobalSection
EndGlobal
